
Microsoft Visual Studio Solution File, Format Version 12.00
# Visual Studio Version 17
VisualStudioVersion = 17.4.33213.308
MinimumVisualStudioVersion = 10.0.40219.1
Project("{FAE04EC0-301F-11D3-BF4B-00C04F79EFBC}") = "VegasScriptAssignVideoEventFromAudioEvent", "VegasScriptAssignVideoEventFromAudioEvent\VegasScriptAssignVideoEventFromAudioEvent.csproj", "{890E0306-A5A6-475E-ABF8-CDCDAC3C9159}"
EndProject
Global
	GlobalSection(SolutionConfigurationPlatforms) = preSolution
		Debug|Any CPU = Debug|Any CPU
		Release|Any CPU = Release|Any CPU
	EndGlobalSection
	GlobalSection(ProjectConfigurationPlatforms) = postSolution
		{890E0306-A5A6-475E-ABF8-CDCDAC3C9159}.Debug|Any CPU.ActiveCfg = Debug|Any CPU
		{890E0306-A5A6-475E-ABF8-CDCDAC3C9159}.Debug|Any CPU.Build.0 = Debug|Any CPU
		{890E0306-A5A6-475E-ABF8-CDCDAC3C9159}.Release|Any CPU.ActiveCfg = Release|Any CPU
		{890E0306-A5A6-475E-ABF8-CDCDAC3C9159}.Release|Any CPU.Build.0 = Release|Any CPU
	EndGlobalSection
	GlobalSection(SolutionProperties) = preSolution
		HideSolutionNode = FALSE
	EndGlobalSection
	GlobalSection(ExtensibilityGlobals) = postSolution
		SolutionGuid = {31682369-DF2C-4188-9898-D473EF98A60C}
	EndGlobalSection
EndGlobal
